
Microsoft Visual Studio Solution File, Format Version 12.00
# Visual Studio Version 17
VisualStudioVersion = 17.9.34902.65
MinimumVisualStudioVersion = 10.0.40219.1
Project("{FAE04EC0-301F-11D3-BF4B-00C04F79EFBC}") = "Biblioteca", "Biblioteca\Biblioteca.csproj", "{4196A0B5-E61C-43FC-974A-69A1B602E793}"
EndProject
Project("{FAE04EC0-301F-11D3-BF4B-00C04F79EFBC}") = "Consola", "Consola\Consola.csproj", "{453097CE-F13E-496C-B6D8-7A48BAA87839}"
EndProject
Global
	GlobalSection(SolutionConfigurationPlatforms) = preSolution
		Debug|Any CPU = Debug|Any CPU
		Release|Any CPU = Release|Any CPU
	EndGlobalSection
	GlobalSection(ProjectConfigurationPlatforms) = postSolution
		{4196A0B5-E61C-43FC-974A-69A1B602E793}.Debug|Any CPU.ActiveCfg = Debug|Any CPU
		{4196A0B5-E61C-43FC-974A-69A1B602E793}.Debug|Any CPU.Build.0 = Debug|Any CPU
		{4196A0B5-E61C-43FC-974A-69A1B602E793}.Release|Any CPU.ActiveCfg = Release|Any CPU
		{4196A0B5-E61C-43FC-974A-69A1B602E793}.Release|Any CPU.Build.0 = Release|Any CPU
		{453097CE-F13E-496C-B6D8-7A48BAA87839}.Debug|Any CPU.ActiveCfg = Debug|Any CPU
		{453097CE-F13E-496C-B6D8-7A48BAA87839}.Debug|Any CPU.Build.0 = Debug|Any CPU
		{453097CE-F13E-496C-B6D8-7A48BAA87839}.Release|Any CPU.ActiveCfg = Release|Any CPU
		{453097CE-F13E-496C-B6D8-7A48BAA87839}.Release|Any CPU.Build.0 = Release|Any CPU
	EndGlobalSection
	GlobalSection(SolutionProperties) = preSolution
		HideSolutionNode = FALSE
	EndGlobalSection
	GlobalSection(ExtensibilityGlobals) = postSolution
		SolutionGuid = {0D60C530-3D50-40D4-A424-370CE557CF14}
	EndGlobalSection
EndGlobal
